// !$*UTF8*$!
{
	archiveVersion = 1;
	classes = {
	};
	objectVersion = 56;
	objects = {

/* Begin PBXBuildFile section */
		689D346E29F2BA840059C7C8 /* AppDelegate.swift in Sources */ = {isa = PBXBuildFile; fileRef = 689D346D29F2BA840059C7C8 /* AppDelegate.swift */; };
		689D347029F2BA840059C7C8 /* SceneDelegate.swift in Sources */ = {isa = PBXBuildFile; fileRef = 689D346F29F2BA840059C7C8 /* SceneDelegate.swift */; };
		689D347229F2BA840059C7C8 /* PokemonViewController.swift in Sources */ = {isa = PBXBuildFile; fileRef = 689D347129F2BA840059C7C8 /* PokemonViewController.swift */; };
		689D347529F2BA840059C7C8 /* Main.storyboard in Resources */ = {isa = PBXBuildFile; fileRef = 689D347329F2BA840059C7C8 /* Main.storyboard */; };
		689D347729F2BA850059C7C8 /* Assets.xcassets in Resources */ = {isa = PBXBuildFile; fileRef = 689D347629F2BA850059C7C8 /* Assets.xcassets */; };
		689D347A29F2BA850059C7C8 /* LaunchScreen.storyboard in Resources */ = {isa = PBXBuildFile; fileRef = 689D347829F2BA850059C7C8 /* LaunchScreen.storyboard */; };
		689D348629F2BC1E0059C7C8 /* Pokemon.swift in Sources */ = {isa = PBXBuildFile; fileRef = 689D348529F2BC1E0059C7C8 /* Pokemon.swift */; };
		689D348829F2BE3F0059C7C8 /* PokeyTableViewCell.swift in Sources */ = {isa = PBXBuildFile; fileRef = 689D348729F2BE3F0059C7C8 /* PokeyTableViewCell.swift */; };
		689D348E29F2C6A50059C7C8 /* SDWebImage in Frameworks */ = {isa = PBXBuildFile; productRef = 689D348D29F2C6A50059C7C8 /* SDWebImage */; };
		68F71B5629F6CF0600E300D7 /* PokeyDetailViewController.swift in Sources */ = {isa = PBXBuildFile; fileRef = 68F71B5529F6CF0600E300D7 /* PokeyDetailViewController.swift */; };
/* End PBXBuildFile section */

/* Begin PBXFileReference section */
		689D346A29F2BA840059C7C8 /* PokemonCards.app */ = {isa = PBXFileReference; explicitFileType = wrapper.application; includeInIndex = 0; path = PokemonCards.app; sourceTree = BUILT_PRODUCTS_DIR; };
		689D346D29F2BA840059C7C8 /* AppDelegate.swift */ = {isa = PBXFileReference; lastKnownFileType = sourcecode.swift; path = AppDelegate.swift; sourceTree = "<group>"; };
		689D346F29F2BA840059C7C8 /* SceneDelegate.swift */ = {isa = PBXFileReference; lastKnownFileType = sourcecode.swift; path = SceneDelegate.swift; sourceTree = "<group>"; };
		689D347129F2BA840059C7C8 /* PokemonViewController.swift */ = {isa = PBXFileReference; lastKnownFileType = sourcecode.swift; path = PokemonViewController.swift; sourceTree = "<group>"; };
		689D347429F2BA840059C7C8 /* Base */ = {isa = PBXFileReference; lastKnownFileType = file.storyboard; name = Base; path = Base.lproj/Main.storyboard; sourceTree = "<group>"; };
		689D347629F2BA850059C7C8 /* Assets.xcassets */ = {isa = PBXFileReference; lastKnownFileType = folder.assetcatalog; path = Assets.xcassets; sourceTree = "<group>"; };
		689D347929F2BA850059C7C8 /* Base */ = {isa = PBXFileReference; lastKnownFileType = file.storyboard; name = Base; path = Base.lproj/LaunchScreen.storyboard; sourceTree = "<group>"; };
		689D347B29F2BA850059C7C8 /* Info.plist */ = {isa = PBXFileReference; lastKnownFileType = text.plist.xml; path = Info.plist; sourceTree = "<group>"; };
		689D348529F2BC1E0059C7C8 /* Pokemon.swift */ = {isa = PBXFileReference; lastKnownFileType = sourcecode.swift; path = Pokemon.swift; sourceTree = "<group>"; };
		689D348729F2BE3F0059C7C8 /* PokeyTableViewCell.swift */ = {isa = PBXFileReference; lastKnownFileType = sourcecode.swift; path = PokeyTableViewCell.swift; sourceTree = "<group>"; };
		68F71B5529F6CF0600E300D7 /* PokeyDetailViewController.swift */ = {isa = PBXFileReference; lastKnownFileType = sourcecode.swift; path = PokeyDetailViewController.swift; sourceTree = "<group>"; };
/* End PBXFileReference section */

/* Begin PBXFrameworksBuildPhase section */
		689D346729F2BA840059C7C8 /* Frameworks */ = {
			isa = PBXFrameworksBuildPhase;
			buildActionMask = 2147483647;
			files = (
				689D348E29F2C6A50059C7C8 /* SDWebImage in Frameworks */,
			);
			runOnlyForDeploymentPostprocessing = 0;
		};
/* End PBXFrameworksBuildPhase section */

/* Begin PBXGroup section */
		689D346129F2BA840059C7C8 = {
			isa = PBXGroup;
			children = (
				689D346C29F2BA840059C7C8 /* PokemonCards */,
				689D346B29F2BA840059C7C8 /* Products */,
			);
			sourceTree = "<group>";
		};
		689D346B29F2BA840059C7C8 /* Products */ = {
			isa = PBXGroup;
			children = (
				689D346A29F2BA840059C7C8 /* PokemonCards.app */,
			);
			name = Products;
			sourceTree = "<group>";
		};
		689D346C29F2BA840059C7C8 /* PokemonCards */ = {
			isa = PBXGroup;
			children = (
				689D348129F2BA940059C7C8 /* AppDelegate */,
				689D348429F2BB200059C7C8 /* Model */,
				689D348229F2BABE0059C7C8 /* View */,
				689D348329F2BACB0059C7C8 /* Controller */,
				689D347629F2BA850059C7C8 /* Assets.xcassets */,
				689D347B29F2BA850059C7C8 /* Info.plist */,
			);
			path = PokemonCards;
			sourceTree = "<group>";
		};
		689D348129F2BA940059C7C8 /* AppDelegate */ = {
			isa = PBXGroup;
			children = (
				689D346D29F2BA840059C7C8 /* AppDelegate.swift */,
				689D346F29F2BA840059C7C8 /* SceneDelegate.swift */,
			);
			path = AppDelegate;
			sourceTree = "<group>";
		};
		689D348229F2BABE0059C7C8 /* View */ = {
			isa = PBXGroup;
			children = (
				689D347329F2BA840059C7C8 /* Main.storyboard */,
				689D347829F2BA850059C7C8 /* LaunchScreen.storyboard */,
			);
			path = View;
			sourceTree = "<group>";
		};
		689D348329F2BACB0059C7C8 /* Controller */ = {
			isa = PBXGroup;
			children = (
				689D347129F2BA840059C7C8 /* PokemonViewController.swift */,
				689D348729F2BE3F0059C7C8 /* PokeyTableViewCell.swift */,
				68F71B5529F6CF0600E300D7 /* PokeyDetailViewController.swift */,
			);
			path = Controller;
			sourceTree = "<group>";
		};
		689D348429F2BB200059C7C8 /* Model */ = {
			isa = PBXGroup;
			children = (
				689D348529F2BC1E0059C7C8 /* Pokemon.swift */,
			);
			path = Model;
			sourceTree = "<group>";
		};
/* End PBXGroup section */

/* Begin PBXNativeTarget section */
		689D346929F2BA840059C7C8 /* PokemonCards */ = {
			isa = PBXNativeTarget;
			buildConfigurationList = 689D347E29F2BA850059C7C8 /* Build configuration list for PBXNativeTarget "PokemonCards" */;
			buildPhases = (
				689D346629F2BA840059C7C8 /* Sources */,
				689D346729F2BA840059C7C8 /* Frameworks */,
				689D346829F2BA840059C7C8 /* Resources */,
			);
			buildRules = (
			);
			dependencies = (
			);
			name = PokemonCards;
			packageProductDependencies = (
				689D348D29F2C6A50059C7C8 /* SDWebImage */,
			);
			productName = PokemonCards;
			productReference = 689D346A29F2BA840059C7C8 /* PokemonCards.app */;
			productType = "com.apple.product-type.application";
		};
/* End PBXNativeTarget section */

/* Begin PBXProject section */
		689D346229F2BA840059C7C8 /* Project object */ = {
			isa = PBXProject;
			attributes = {
				BuildIndependentTargetsInParallel = 1;
				LastSwiftUpdateCheck = 1430;
				LastUpgradeCheck = 1430;
				TargetAttributes = {
					689D346929F2BA840059C7C8 = {
						CreatedOnToolsVersion = 14.3;
					};
				};
			};
			buildConfigurationList = 689D346529F2BA840059C7C8 /* Build configuration list for PBXProject "PokemonCards" */;
			compatibilityVersion = "Xcode 14.0";
			developmentRegion = en;
			hasScannedForEncodings = 0;
			knownRegions = (
				en,
				Base,
			);
			mainGroup = 689D346129F2BA840059C7C8;
			packageReferences = (
				689D348C29F2C6A50059C7C8 /* XCRemoteSwiftPackageReference "SDWebImage" */,
			);
			productRefGroup = 689D346B29F2BA840059C7C8 /* Products */;
			projectDirPath = "";
			projectRoot = "";
			targets = (
				689D346929F2BA840059C7C8 /* PokemonCards */,
			);
		};
/* End PBXProject section */

/* Begin PBXResourcesBuildPhase section */
		689D346829F2BA840059C7C8 /* Resources */ = {
			isa = PBXResourcesBuildPhase;
			buildActionMask = 2147483647;
			files = (
				689D347A29F2BA850059C7C8 /* LaunchScreen.storyboard in Resources */,
				689D347729F2BA850059C7C8 /* Assets.xcassets in Resources */,
				689D347529F2BA840059C7C8 /* Main.storyboard in Resources */,
			);
			runOnlyForDeploymentPostprocessing = 0;
		};
/* End PBXResourcesBuildPhase section */

/* Begin PBXSourcesBuildPhase section */
		689D346629F2BA840059C7C8 /* Sources */ = {
			isa = PBXSourcesBuildPhase;
			buildActionMask = 2147483647;
			files = (
				68F71B5629F6CF0600E300D7 /* PokeyDetailViewController.swift in Sources */,
				689D347229F2BA840059C7C8 /* PokemonViewController.swift in Sources */,
				689D348629F2BC1E0059C7C8 /* Pokemon.swift in Sources */,
				689D346E29F2BA840059C7C8 /* AppDelegate.swift in Sources */,
				689D348829F2BE3F0059C7C8 /* PokeyTableViewCell.swift in Sources */,
				689D347029F2BA840059C7C8 /* SceneDelegate.swift in Sources */,
			);
			runOnlyForDeploymentPostprocessing = 0;
		};
/* End PBXSourcesBuildPhase section */

/* Begin PBXVariantGroup section */
		689D347329F2BA840059C7C8 /* Main.storyboard */ = {
			isa = PBXVariantGroup;
			children = (
				689D347429F2BA840059C7C8 /* Base */,
			);
			name = Main.storyboard;
			sourceTree = "<group>";
		};
		689D347829F2BA850059C7C8 /* LaunchScreen.storyboard */ = {
			isa = PBXVariantGroup;
			children = (
				689D347929F2BA850059C7C8 /* Base */,
			);
			name = LaunchScreen.storyboard;
			sourceTree = "<group>";
		};
/* End PBXVariantGroup section */

/* Begin XCBuildConfiguration section */
		689D347C29F2BA850059C7C8 /* Debug */ = {
			isa = XCBuildConfiguration;
			buildSettings = {
				ALWAYS_SEARCH_USER_PATHS = NO;
				CLANG_ANALYZER_NONNULL = YES;
				CLANG_ANALYZER_NUMBER_OBJECT_CONVERSION = YES_AGGRESSIVE;
				CLANG_CXX_LANGUAGE_STANDARD = "gnu++20";
				CLANG_ENABLE_MODULES = YES;
				CLANG_ENABLE_OBJC_ARC = YES;
				CLANG_ENABLE_OBJC_WEAK = YES;
				CLANG_WARN_BLOCK_CAPTURE_AUTORELEASING = YES;
				CLANG_WARN_BOOL_CONVERSION = YES;
				CLANG_WARN_COMMA = YES;
				CLANG_WARN_CONSTANT_CONVERSION = YES;
				CLANG_WARN_DEPRECATED_OBJC_IMPLEMENTATIONS = YES;
				CLANG_WARN_DIRECT_OBJC_ISA_USAGE = YES_ERROR;
				CLANG_WARN_DOCUMENTATION_COMMENTS = YES;
				CLANG_WARN_EMPTY_BODY = YES;
				CLANG_WARN_ENUM_CONVERSION = YES;
				CLANG_WARN_INFINITE_RECURSION = YES;
				CLANG_WARN_INT_CONVERSION = YES;
				CLANG_WARN_NON_LITERAL_NULL_CONVERSION = YES;
				CLANG_WARN_OBJC_IMPLICIT_RETAIN_SELF = YES;
				CLANG_WARN_OBJC_LITERAL_CONVERSION = YES;
				CLANG_WARN_OBJC_ROOT_CLASS = YES_ERROR;
				CLANG_WARN_QUOTED_INCLUDE_IN_FRAMEWORK_HEADER = YES;
				CLANG_WARN_RANGE_LOOP_ANALYSIS = YES;
				CLANG_WARN_STRICT_PROTOTYPES = YES;
				CLANG_WARN_SUSPICIOUS_MOVE = YES;
				CLANG_WARN_UNGUARDED_AVAILABILITY = YES_AGGRESSIVE;
				CLANG_WARN_UNREACHABLE_CODE = YES;
				CLANG_WARN__DUPLICATE_METHOD_MATCH = YES;
				COPY_PHASE_STRIP = NO;
				DEBUG_INFORMATION_FORMAT = dwarf;
				ENABLE_STRICT_OBJC_MSGSEND = YES;
				ENABLE_TESTABILITY = YES;
				GCC_C_LANGUAGE_STANDARD = gnu11;
				GCC_DYNAMIC_NO_PIC = NO;
				GCC_NO_COMMON_BLOCKS = YES;
				GCC_OPTIMIZATION_LEVEL = 0;
				GCC_PREPROCESSOR_DEFINITIONS = (
					"DEBUG=1",
					"$(inherited)",
				);
				GCC_WARN_64_TO_32_BIT_CONVERSION = YES;
				GCC_WARN_ABOUT_RETURN_TYPE = YES_ERROR;
				GCC_WARN_UNDECLARED_SELECTOR = YES;
				GCC_WARN_UNINITIALIZED_AUTOS = YES_AGGRESSIVE;
				GCC_WARN_UNUSED_FUNCTION = YES;
				GCC_WARN_UNUSED_VARIABLE = YES;
				IPHONEOS_DEPLOYMENT_TARGET = 16.4;
				MTL_ENABLE_DEBUG_INFO = INCLUDE_SOURCE;
				MTL_FAST_MATH = YES;
				ONLY_ACTIVE_ARCH = YES;
				SDKROOT = iphoneos;
				SWIFT_ACTIVE_COMPILATION_CONDITIONS = DEBUG;
				SWIFT_OPTIMIZATION_LEVEL = "-Onone";
			};
			name = Debug;
		};
		689D347D29F2BA850059C7C8 /* Release */ = {
			isa = XCBuildConfiguration;
			buildSettings = {
				ALWAYS_SEARCH_USER_PATHS = NO;
				CLANG_ANALYZER_NONNULL = YES;
				CLANG_ANALYZER_NUMBER_OBJECT_CONVERSION = YES_AGGRESSIVE;
				CLANG_CXX_LANGUAGE_STANDARD = "gnu++20";
				CLANG_ENABLE_MODULES = YES;
				CLANG_ENABLE_OBJC_ARC = YES;
				CLANG_ENABLE_OBJC_WEAK = YES;
				CLANG_WARN_BLOCK_CAPTURE_AUTORELEASING = YES;
				CLANG_WARN_BOOL_CONVERSION = YES;
				CLANG_WARN_COMMA = YES;
				CLANG_WARN_CONSTANT_CONVERSION = YES;
				CLANG_WARN_DEPRECATED_OBJC_IMPLEMENTATIONS = YES;
				CLANG_WARN_DIRECT_OBJC_ISA_USAGE = YES_ERROR;
				CLANG_WARN_DOCUMENTATION_COMMENTS = YES;
				CLANG_WARN_EMPTY_BODY = YES;
				CLANG_WARN_ENUM_CONVERSION = YES;
				CLANG_WARN_INFINITE_RECURSION = YES;
				CLANG_WARN_INT_CONVERSION = YES;
				CLANG_WARN_NON_LITERAL_NULL_CONVERSION = YES;
				CLANG_WARN_OBJC_IMPLICIT_RETAIN_SELF = YES;
				CLANG_WARN_OBJC_LITERAL_CONVERSION = YES;
				CLANG_WARN_OBJC_ROOT_CLASS = YES_ERROR;
				CLANG_WARN_QUOTED_INCLUDE_IN_FRAMEWORK_HEADER = YES;
				CLANG_WARN_RANGE_LOOP_ANALYSIS = YES;
				CLANG_WARN_STRICT_PROTOTYPES = YES;
				CLANG_WARN_SUSPICIOUS_MOVE = YES;
				CLANG_WARN_UNGUARDED_AVAILABILITY = YES_AGGRESSIVE;
				CLANG_WARN_UNREACHABLE_CODE = YES;
				CLANG_WARN__DUPLICATE_METHOD_MATCH = YES;
				COPY_PHASE_STRIP = NO;
				DEBUG_INFORMATION_FORMAT = "dwarf-with-dsym";
				ENABLE_NS_ASSERTIONS = NO;
				ENABLE_STRICT_OBJC_MSGSEND = YES;
				GCC_C_LANGUAGE_STANDARD = gnu11;
				GCC_NO_COMMON_BLOCKS = YES;
				GCC_WARN_64_TO_32_BIT_CONVERSION = YES;
				GCC_WARN_ABOUT_RETURN_TYPE = YES_ERROR;
				GCC_WARN_UNDECLARED_SELECTOR = YES;
				GCC_WARN_UNINITIALIZED_AUTOS = YES_AGGRESSIVE;
				GCC_WARN_UNUSED_FUNCTION = YES;
				GCC_WARN_UNUSED_VARIABLE = YES;
				IPHONEOS_DEPLOYMENT_TARGET = 16.4;
				MTL_ENABLE_DEBUG_INFO = NO;
				MTL_FAST_MATH = YES;
				SDKROOT = iphoneos;
				SWIFT_COMPILATION_MODE = wholemodule;
				SWIFT_OPTIMIZATION_LEVEL = "-O";
				VALIDATE_PRODUCT = YES;
			};
			name = Release;
		};
		689D347F29F2BA850059C7C8 /* Debug */ = {
			isa = XCBuildConfiguration;
			buildSettings = {
				ASSETCATALOG_COMPILER_APPICON_NAME = AppIcon;
				ASSETCATALOG_COMPILER_GLOBAL_ACCENT_COLOR_NAME = AccentColor;
				CODE_SIGN_STYLE = Automatic;
				CURRENT_PROJECT_VERSION = 1;
				DEVELOPMENT_TEAM = 5UT44ZH347;
				GENERATE_INFOPLIST_FILE = YES;
				INFOPLIST_FILE = PokemonCards/Info.plist;
				INFOPLIST_KEY_UIApplicationSupportsIndirectInputEvents = YES;
				INFOPLIST_KEY_UILaunchStoryboardName = LaunchScreen;
				INFOPLIST_KEY_UIMainStoryboardFile = Main;
				INFOPLIST_KEY_UISupportedInterfaceOrientations_iPad = "UIInterfaceOrientationPortrait UIInterfaceOrientationPortraitUpsideDown UIInterfaceOrientationLandscapeLeft UIInterfaceOrientationLandscapeRight";
				INFOPLIST_KEY_UISupportedInterfaceOrientations_iPhone = "UIInterfaceOrientationPortrait UIInterfaceOrientationLandscapeLeft UIInterfaceOrientationLandscapeRight";
				LD_RUNPATH_SEARCH_PATHS = (
					"$(inherited)",
					"@executable_path/Frameworks",
				);
				MARKETING_VERSION = 1.0;
				PRODUCT_BUNDLE_IDENTIFIER = com.iosbootcamp.PokemonCards;
				PRODUCT_NAME = "$(TARGET_NAME)";
				SWIFT_EMIT_LOC_STRINGS = YES;
				SWIFT_VERSION = 5.0;
				TARGETED_DEVICE_FAMILY = "1,2";
			};
			name = Debug;
		};
		689D348029F2BA850059C7C8 /* Release */ = {
			isa = XCBuildConfiguration;
			buildSettings = {
				ASSETCATALOG_COMPILER_APPICON_NAME = AppIcon;
				ASSETCATALOG_COMPILER_GLOBAL_ACCENT_COLOR_NAME = AccentColor;
				CODE_SIGN_STYLE = Automatic;
				CURRENT_PROJECT_VERSION = 1;
				DEVELOPMENT_TEAM = 5UT44ZH347;
				GENERATE_INFOPLIST_FILE = YES;
				INFOPLIST_FILE = PokemonCards/Info.plist;
				INFOPLIST_KEY_UIApplicationSupportsIndirectInputEvents = YES;
				INFOPLIST_KEY_UILaunchStoryboardName = LaunchScreen;
				INFOPLIST_KEY_UIMainStoryboardFile = Main;
				INFOPLIST_KEY_UISupportedInterfaceOrientations_iPad = "UIInterfaceOrientationPortrait UIInterfaceOrientationPortraitUpsideDown UIInterfaceOrientationLandscapeLeft UIInterfaceOrientationLandscapeRight";
				INFOPLIST_KEY_UISupportedInterfaceOrientations_iPhone = "UIInterfaceOrientationPortrait UIInterfaceOrientationLandscapeLeft UIInterfaceOrientationLandscapeRight";
				LD_RUNPATH_SEARCH_PATHS = (
					"$(inherited)",
					"@executable_path/Frameworks",
				);
				MARKETING_VERSION = 1.0;
				PRODUCT_BUNDLE_IDENTIFIER = com.iosbootcamp.PokemonCards;
				PRODUCT_NAME = "$(TARGET_NAME)";
				SWIFT_EMIT_LOC_STRINGS = YES;
				SWIFT_VERSION = 5.0;
				TARGETED_DEVICE_FAMILY = "1,2";
			};
			name = Release;
		};
/* End XCBuildConfiguration section */

/* Begin XCConfigurationList section */
		689D346529F2BA840059C7C8 /* Build configuration list for PBXProject "PokemonCards" */ = {
			isa = XCConfigurationList;
			buildConfigurations = (
				689D347C29F2BA850059C7C8 /* Debug */,
				689D347D29F2BA850059C7C8 /* Release */,
			);
			defaultConfigurationIsVisible = 0;
			defaultConfigurationName = Release;
		};
		689D347E29F2BA850059C7C8 /* Build configuration list for PBXNativeTarget "PokemonCards" */ = {
			isa = XCConfigurationList;
			buildConfigurations = (
				689D347F29F2BA850059C7C8 /* Debug */,
				689D348029F2BA850059C7C8 /* Release */,
			);
			defaultConfigurationIsVisible = 0;
			defaultConfigurationName = Release;
		};
/* End XCConfigurationList section */

/* Begin XCRemoteSwiftPackageReference section */
		689D348C29F2C6A50059C7C8 /* XCRemoteSwiftPackageReference "SDWebImage" */ = {
			isa = XCRemoteSwiftPackageReference;
			repositoryURL = "https://github.com/SDWebImage/SDWebImage.git";
			requirement = {
				kind = exactVersion;
				version = 5.13.2;
			};
		};
/* End XCRemoteSwiftPackageReference section */

/* Begin XCSwiftPackageProductDependency section */
		689D348D29F2C6A50059C7C8 /* SDWebImage */ = {
			isa = XCSwiftPackageProductDependency;
			package = 689D348C29F2C6A50059C7C8 /* XCRemoteSwiftPackageReference "SDWebImage" */;
			productName = SDWebImage;
		};
/* End XCSwiftPackageProductDependency section */
	};
	rootObject = 689D346229F2BA840059C7C8 /* Project object */;
}
